// !$*UTF8*$!
{
	archiveVersion = 1;
	classes = {
	};
	objectVersion = 56;
	objects = {

/* Begin PBXBuildFile section */
		456C839829EA34D100AF52D9 /* TARpitApp.swift in Sources */ = {isa = PBXBuildFile; fileRef = 456C839729EA34D100AF52D9 /* TARpitApp.swift */; };
		456C839C29EA34D300AF52D9 /* Assets.xcassets in Resources */ = {isa = PBXBuildFile; fileRef = 456C839B29EA34D300AF52D9 /* Assets.xcassets */; };
		456C839F29EA34D300AF52D9 /* Preview Assets.xcassets in Resources */ = {isa = PBXBuildFile; fileRef = 456C839E29EA34D300AF52D9 /* Preview Assets.xcassets */; };
		456C83A629EA3BB800AF52D9 /* GoogleService-Info-2.plist in Resources */ = {isa = PBXBuildFile; fileRef = 456C83A529EA3BB800AF52D9 /* GoogleService-Info-2.plist */; };
		456C83A929EA3C5900AF52D9 /* FirebaseAuth in Frameworks */ = {isa = PBXBuildFile; productRef = 456C83A829EA3C5900AF52D9 /* FirebaseAuth */; };
		456C83AB29EA3C5900AF52D9 /* FirebaseAuthCombine-Community in Frameworks */ = {isa = PBXBuildFile; productRef = 456C83AA29EA3C5900AF52D9 /* FirebaseAuthCombine-Community */; };
		456C83AD29EA3C5900AF52D9 /* FirebaseFirestore in Frameworks */ = {isa = PBXBuildFile; productRef = 456C83AC29EA3C5900AF52D9 /* FirebaseFirestore */; };
		456C83AF29EA3C5900AF52D9 /* FirebaseStorage in Frameworks */ = {isa = PBXBuildFile; productRef = 456C83AE29EA3C5900AF52D9 /* FirebaseStorage */; };
		456C83B529EA3DAB00AF52D9 /* TarPost.swift in Sources */ = {isa = PBXBuildFile; fileRef = 456C83B429EA3DAB00AF52D9 /* TarPost.swift */; };
		456C83B729EA3DB700AF52D9 /* Account.swift in Sources */ = {isa = PBXBuildFile; fileRef = 456C83B629EA3DB700AF52D9 /* Account.swift */; };
		456C83B929EA412600AF52D9 /* TarPostViewModel.swift in Sources */ = {isa = PBXBuildFile; fileRef = 456C83B829EA412600AF52D9 /* TarPostViewModel.swift */; };
		456C83BB29EA414400AF52D9 /* AccountViewModel.swift in Sources */ = {isa = PBXBuildFile; fileRef = 456C83BA29EA414400AF52D9 /* AccountViewModel.swift */; };
		456C83BD29EA415200AF52D9 /* TarPostView.swift in Sources */ = {isa = PBXBuildFile; fileRef = 456C83BC29EA415200AF52D9 /* TarPostView.swift */; };
/* End PBXBuildFile section */

/* Begin PBXFileReference section */
		456C839429EA34D100AF52D9 /* TARpit.app */ = {isa = PBXFileReference; explicitFileType = wrapper.application; includeInIndex = 0; path = TARpit.app; sourceTree = BUILT_PRODUCTS_DIR; };
		456C839729EA34D100AF52D9 /* TARpitApp.swift */ = {isa = PBXFileReference; lastKnownFileType = sourcecode.swift; path = TARpitApp.swift; sourceTree = "<group>"; };
		456C839B29EA34D300AF52D9 /* Assets.xcassets */ = {isa = PBXFileReference; lastKnownFileType = folder.assetcatalog; path = Assets.xcassets; sourceTree = "<group>"; };
		456C839E29EA34D300AF52D9 /* Preview Assets.xcassets */ = {isa = PBXFileReference; lastKnownFileType = folder.assetcatalog; path = "Preview Assets.xcassets"; sourceTree = "<group>"; };
		456C83A529EA3BB800AF52D9 /* GoogleService-Info-2.plist */ = {isa = PBXFileReference; fileEncoding = 4; lastKnownFileType = text.plist.xml; path = "GoogleService-Info-2.plist"; sourceTree = "<group>"; };
		456C83B429EA3DAB00AF52D9 /* TarPost.swift */ = {isa = PBXFileReference; lastKnownFileType = sourcecode.swift; path = TarPost.swift; sourceTree = "<group>"; };
		456C83B629EA3DB700AF52D9 /* Account.swift */ = {isa = PBXFileReference; lastKnownFileType = sourcecode.swift; path = Account.swift; sourceTree = "<group>"; };
		456C83B829EA412600AF52D9 /* TarPostViewModel.swift */ = {isa = PBXFileReference; lastKnownFileType = sourcecode.swift; path = TarPostViewModel.swift; sourceTree = "<group>"; };
		456C83BA29EA414400AF52D9 /* AccountViewModel.swift */ = {isa = PBXFileReference; lastKnownFileType = sourcecode.swift; path = AccountViewModel.swift; sourceTree = "<group>"; };
		456C83BC29EA415200AF52D9 /* TarPostView.swift */ = {isa = PBXFileReference; lastKnownFileType = sourcecode.swift; path = TarPostView.swift; sourceTree = "<group>"; };
/* End PBXFileReference section */

/* Begin PBXFrameworksBuildPhase section */
		456C839129EA34D100AF52D9 /* Frameworks */ = {
			isa = PBXFrameworksBuildPhase;
			buildActionMask = 2147483647;
			files = (
				456C83A929EA3C5900AF52D9 /* FirebaseAuth in Frameworks */,
				456C83AF29EA3C5900AF52D9 /* FirebaseStorage in Frameworks */,
				456C83AB29EA3C5900AF52D9 /* FirebaseAuthCombine-Community in Frameworks */,
				456C83AD29EA3C5900AF52D9 /* FirebaseFirestore in Frameworks */,
			);
			runOnlyForDeploymentPostprocessing = 0;
		};
/* End PBXFrameworksBuildPhase section */

/* Begin PBXGroup section */
		456C838B29EA34D100AF52D9 = {
			isa = PBXGroup;
			children = (
				456C83B329EA3CFF00AF52D9 /* FireBase */,
				456C83B229EA3C9100AF52D9 /* Models */,
				456C83B129EA3C7D00AF52D9 /* ViewModels */,
				456C839629EA34D100AF52D9 /* TARpit */,
				456C839529EA34D100AF52D9 /* Products */,
			);
			sourceTree = "<group>";
		};
		456C839529EA34D100AF52D9 /* Products */ = {
			isa = PBXGroup;
			children = (
				456C839429EA34D100AF52D9 /* TARpit.app */,
			);
			name = Products;
			sourceTree = "<group>";
		};
		456C839629EA34D100AF52D9 /* TARpit */ = {
			isa = PBXGroup;
			children = (
				456C83B029EA3C6700AF52D9 /* Views */,
				456C83A529EA3BB800AF52D9 /* GoogleService-Info-2.plist */,
				456C839729EA34D100AF52D9 /* TARpitApp.swift */,
				456C839B29EA34D300AF52D9 /* Assets.xcassets */,
				456C839D29EA34D300AF52D9 /* Preview Content */,
			);
			path = TARpit;
			sourceTree = "<group>";
		};
		456C839D29EA34D300AF52D9 /* Preview Content */ = {
			isa = PBXGroup;
			children = (
				456C839E29EA34D300AF52D9 /* Preview Assets.xcassets */,
			);
			path = "Preview Content";
			sourceTree = "<group>";
		};
		456C83B029EA3C6700AF52D9 /* Views */ = {
			isa = PBXGroup;
			children = (
				456C83BC29EA415200AF52D9 /* TarPostView.swift */,
			);
			path = Views;
			sourceTree = "<group>";
		};
		456C83B129EA3C7D00AF52D9 /* ViewModels */ = {
			isa = PBXGroup;
			children = (
				456C83B829EA412600AF52D9 /* TarPostViewModel.swift */,
				456C83BA29EA414400AF52D9 /* AccountViewModel.swift */,
			);
			path = ViewModels;
			sourceTree = "<group>";
		};
		456C83B229EA3C9100AF52D9 /* Models */ = {
			isa = PBXGroup;
			children = (
				456C83B429EA3DAB00AF52D9 /* TarPost.swift */,
				456C83B629EA3DB700AF52D9 /* Account.swift */,
			);
			path = Models;
			sourceTree = "<group>";
		};
		456C83B329EA3CFF00AF52D9 /* FireBase */ = {
			isa = PBXGroup;
			children = (
			);
			path = FireBase;
			sourceTree = "<group>";
		};
/* End PBXGroup section */

/* Begin PBXNativeTarget section */
		456C839329EA34D100AF52D9 /* TARpit */ = {
			isa = PBXNativeTarget;
			buildConfigurationList = 456C83A229EA34D300AF52D9 /* Build configuration list for PBXNativeTarget "TARpit" */;
			buildPhases = (
				456C839029EA34D100AF52D9 /* Sources */,
				456C839129EA34D100AF52D9 /* Frameworks */,
				456C839229EA34D100AF52D9 /* Resources */,
			);
			buildRules = (
			);
			dependencies = (
			);
			name = TARpit;
			packageProductDependencies = (
				456C83A829EA3C5900AF52D9 /* FirebaseAuth */,
				456C83AA29EA3C5900AF52D9 /* FirebaseAuthCombine-Community */,
				456C83AC29EA3C5900AF52D9 /* FirebaseFirestore */,
				456C83AE29EA3C5900AF52D9 /* FirebaseStorage */,
			);
			productName = TARpit;
			productReference = 456C839429EA34D100AF52D9 /* TARpit.app */;
			productType = "com.apple.product-type.application";
		};
/* End PBXNativeTarget section */

/* Begin PBXProject section */
		456C838C29EA34D100AF52D9 /* Project object */ = {
			isa = PBXProject;
			attributes = {
				BuildIndependentTargetsInParallel = 1;
				LastSwiftUpdateCheck = 1430;
				LastUpgradeCheck = 1430;
				TargetAttributes = {
					456C839329EA34D100AF52D9 = {
						CreatedOnToolsVersion = 14.3;
					};
				};
			};
			buildConfigurationList = 456C838F29EA34D100AF52D9 /* Build configuration list for PBXProject "TARpit" */;
			compatibilityVersion = "Xcode 14.0";
			developmentRegion = en;
			hasScannedForEncodings = 0;
			knownRegions = (
				en,
				Base,
			);
			mainGroup = 456C838B29EA34D100AF52D9;
			packageReferences = (
				456C83A729EA3C5900AF52D9 /* XCRemoteSwiftPackageReference "firebase-ios-sdk" */,
			);
			productRefGroup = 456C839529EA34D100AF52D9 /* Products */;
			projectDirPath = "";
			projectRoot = "";
			targets = (
				456C839329EA34D100AF52D9 /* TARpit */,
			);
		};
/* End PBXProject section */

/* Begin PBXResourcesBuildPhase section */
		456C839229EA34D100AF52D9 /* Resources */ = {
			isa = PBXResourcesBuildPhase;
			buildActionMask = 2147483647;
			files = (
				456C839F29EA34D300AF52D9 /* Preview Assets.xcassets in Resources */,
				456C839C29EA34D300AF52D9 /* Assets.xcassets in Resources */,
				456C83A629EA3BB800AF52D9 /* GoogleService-Info-2.plist in Resources */,
			);
			runOnlyForDeploymentPostprocessing = 0;
		};
/* End PBXResourcesBuildPhase section */

/* Begin PBXSourcesBuildPhase section */
		456C839029EA34D100AF52D9 /* Sources */ = {
			isa = PBXSourcesBuildPhase;
			buildActionMask = 2147483647;
			files = (
				456C83B529EA3DAB00AF52D9 /* TarPost.swift in Sources */,
				456C83B729EA3DB700AF52D9 /* Account.swift in Sources */,
				456C83BD29EA415200AF52D9 /* TarPostView.swift in Sources */,
				456C839829EA34D100AF52D9 /* TARpitApp.swift in Sources */,
				456C83BB29EA414400AF52D9 /* AccountViewModel.swift in Sources */,
				456C83B929EA412600AF52D9 /* TarPostViewModel.swift in Sources */,
			);
			runOnlyForDeploymentPostprocessing = 0;
		};
/* End PBXSourcesBuildPhase section */

/* Begin XCBuildConfiguration section */
		456C83A029EA34D300AF52D9 /* Debug */ = {
			isa = XCBuildConfiguration;
			buildSettings = {
				ALWAYS_SEARCH_USER_PATHS = NO;
				CLANG_ANALYZER_NONNULL = YES;
				CLANG_ANALYZER_NUMBER_OBJECT_CONVERSION = YES_AGGRESSIVE;
				CLANG_CXX_LANGUAGE_STANDARD = "gnu++20";
				CLANG_ENABLE_MODULES = YES;
				CLANG_ENABLE_OBJC_ARC = YES;
				CLANG_ENABLE_OBJC_WEAK = YES;
				CLANG_WARN_BLOCK_CAPTURE_AUTORELEASING = YES;
				CLANG_WARN_BOOL_CONVERSION = YES;
				CLANG_WARN_COMMA = YES;
				CLANG_WARN_CONSTANT_CONVERSION = YES;
				CLANG_WARN_DEPRECATED_OBJC_IMPLEMENTATIONS = YES;
				CLANG_WARN_DIRECT_OBJC_ISA_USAGE = YES_ERROR;
				CLANG_WARN_DOCUMENTATION_COMMENTS = YES;
				CLANG_WARN_EMPTY_BODY = YES;
				CLANG_WARN_ENUM_CONVERSION = YES;
				CLANG_WARN_INFINITE_RECURSION = YES;
				CLANG_WARN_INT_CONVERSION = YES;
				CLANG_WARN_NON_LITERAL_NULL_CONVERSION = YES;
				CLANG_WARN_OBJC_IMPLICIT_RETAIN_SELF = YES;
				CLANG_WARN_OBJC_LITERAL_CONVERSION = YES;
				CLANG_WARN_OBJC_ROOT_CLASS = YES_ERROR;
				CLANG_WARN_QUOTED_INCLUDE_IN_FRAMEWORK_HEADER = YES;
				CLANG_WARN_RANGE_LOOP_ANALYSIS = YES;
				CLANG_WARN_STRICT_PROTOTYPES = YES;
				CLANG_WARN_SUSPICIOUS_MOVE = YES;
				CLANG_WARN_UNGUARDED_AVAILABILITY = YES_AGGRESSIVE;
				CLANG_WARN_UNREACHABLE_CODE = YES;
				CLANG_WARN__DUPLICATE_METHOD_MATCH = YES;
				COPY_PHASE_STRIP = NO;
				DEBUG_INFORMATION_FORMAT = dwarf;
				ENABLE_STRICT_OBJC_MSGSEND = YES;
				ENABLE_TESTABILITY = YES;
				GCC_C_LANGUAGE_STANDARD = gnu11;
				GCC_DYNAMIC_NO_PIC = NO;
				GCC_NO_COMMON_BLOCKS = YES;
				GCC_OPTIMIZATION_LEVEL = 0;
				GCC_PREPROCESSOR_DEFINITIONS = (
					"DEBUG=1",
					"$(inherited)",
				);
				GCC_WARN_64_TO_32_BIT_CONVERSION = YES;
				GCC_WARN_ABOUT_RETURN_TYPE = YES_ERROR;
				GCC_WARN_UNDECLARED_SELECTOR = YES;
				GCC_WARN_UNINITIALIZED_AUTOS = YES_AGGRESSIVE;
				GCC_WARN_UNUSED_FUNCTION = YES;
				GCC_WARN_UNUSED_VARIABLE = YES;
				IPHONEOS_DEPLOYMENT_TARGET = 16.4;
				MTL_ENABLE_DEBUG_INFO = INCLUDE_SOURCE;
				MTL_FAST_MATH = YES;
				ONLY_ACTIVE_ARCH = YES;
				SDKROOT = iphoneos;
				SWIFT_ACTIVE_COMPILATION_CONDITIONS = DEBUG;
				SWIFT_OPTIMIZATION_LEVEL = "-Onone";
			};
			name = Debug;
		};
		456C83A129EA34D300AF52D9 /* Release */ = {
			isa = XCBuildConfiguration;
			buildSettings = {
				ALWAYS_SEARCH_USER_PATHS = NO;
				CLANG_ANALYZER_NONNULL = YES;
				CLANG_ANALYZER_NUMBER_OBJECT_CONVERSION = YES_AGGRESSIVE;
				CLANG_CXX_LANGUAGE_STANDARD = "gnu++20";
				CLANG_ENABLE_MODULES = YES;
				CLANG_ENABLE_OBJC_ARC = YES;
				CLANG_ENABLE_OBJC_WEAK = YES;
				CLANG_WARN_BLOCK_CAPTURE_AUTORELEASING = YES;
				CLANG_WARN_BOOL_CONVERSION = YES;
				CLANG_WARN_COMMA = YES;
				CLANG_WARN_CONSTANT_CONVERSION = YES;
				CLANG_WARN_DEPRECATED_OBJC_IMPLEMENTATIONS = YES;
				CLANG_WARN_DIRECT_OBJC_ISA_USAGE = YES_ERROR;
				CLANG_WARN_DOCUMENTATION_COMMENTS = YES;
				CLANG_WARN_EMPTY_BODY = YES;
				CLANG_WARN_ENUM_CONVERSION = YES;
				CLANG_WARN_INFINITE_RECURSION = YES;
				CLANG_WARN_INT_CONVERSION = YES;
				CLANG_WARN_NON_LITERAL_NULL_CONVERSION = YES;
				CLANG_WARN_OBJC_IMPLICIT_RETAIN_SELF = YES;
				CLANG_WARN_OBJC_LITERAL_CONVERSION = YES;
				CLANG_WARN_OBJC_ROOT_CLASS = YES_ERROR;
				CLANG_WARN_QUOTED_INCLUDE_IN_FRAMEWORK_HEADER = YES;
				CLANG_WARN_RANGE_LOOP_ANALYSIS = YES;
				CLANG_WARN_STRICT_PROTOTYPES = YES;
				CLANG_WARN_SUSPICIOUS_MOVE = YES;
				CLANG_WARN_UNGUARDED_AVAILABILITY = YES_AGGRESSIVE;
				CLANG_WARN_UNREACHABLE_CODE = YES;
				CLANG_WARN__DUPLICATE_METHOD_MATCH = YES;
				COPY_PHASE_STRIP = NO;
				DEBUG_INFORMATION_FORMAT = "dwarf-with-dsym";
				ENABLE_NS_ASSERTIONS = NO;
				ENABLE_STRICT_OBJC_MSGSEND = YES;
				GCC_C_LANGUAGE_STANDARD = gnu11;
				GCC_NO_COMMON_BLOCKS = YES;
				GCC_WARN_64_TO_32_BIT_CONVERSION = YES;
				GCC_WARN_ABOUT_RETURN_TYPE = YES_ERROR;
				GCC_WARN_UNDECLARED_SELECTOR = YES;
				GCC_WARN_UNINITIALIZED_AUTOS = YES_AGGRESSIVE;
				GCC_WARN_UNUSED_FUNCTION = YES;
				GCC_WARN_UNUSED_VARIABLE = YES;
				IPHONEOS_DEPLOYMENT_TARGET = 16.4;
				MTL_ENABLE_DEBUG_INFO = NO;
				MTL_FAST_MATH = YES;
				SDKROOT = iphoneos;
				SWIFT_COMPILATION_MODE = wholemodule;
				SWIFT_OPTIMIZATION_LEVEL = "-O";
				VALIDATE_PRODUCT = YES;
			};
			name = Release;
		};
		456C83A329EA34D300AF52D9 /* Debug */ = {
			isa = XCBuildConfiguration;
			buildSettings = {
				ASSETCATALOG_COMPILER_APPICON_NAME = AppIcon;
				ASSETCATALOG_COMPILER_GLOBAL_ACCENT_COLOR_NAME = AccentColor;
				CODE_SIGN_STYLE = Automatic;
				CURRENT_PROJECT_VERSION = 1;
				DEVELOPMENT_ASSET_PATHS = "\"TARpit/Preview Content\"";
				DEVELOPMENT_TEAM = R3X7JY5628;
				ENABLE_PREVIEWS = YES;
				GENERATE_INFOPLIST_FILE = YES;
				INFOPLIST_KEY_UIApplicationSceneManifest_Generation = YES;
				INFOPLIST_KEY_UIApplicationSupportsIndirectInputEvents = YES;
				INFOPLIST_KEY_UILaunchScreen_Generation = YES;
				INFOPLIST_KEY_UISupportedInterfaceOrientations_iPad = "UIInterfaceOrientationPortrait UIInterfaceOrientationPortraitUpsideDown UIInterfaceOrientationLandscapeLeft UIInterfaceOrientationLandscapeRight";
				INFOPLIST_KEY_UISupportedInterfaceOrientations_iPhone = "UIInterfaceOrientationPortrait UIInterfaceOrientationLandscapeLeft UIInterfaceOrientationLandscapeRight";
				LD_RUNPATH_SEARCH_PATHS = (
					"$(inherited)",
					"@executable_path/Frameworks",
				);
				MARKETING_VERSION = 1.0;
				PRODUCT_BUNDLE_IDENTIFIER = "Spencer-Sliffe.TARpit";
				PRODUCT_NAME = "$(TARGET_NAME)";
				SWIFT_EMIT_LOC_STRINGS = YES;
				SWIFT_VERSION = 5.0;
				TARGETED_DEVICE_FAMILY = "1,2";
			};
			name = Debug;
		};
		456C83A429EA34D300AF52D9 /* Release */ = {
			isa = XCBuildConfiguration;
			buildSettings = {
				ASSETCATALOG_COMPILER_APPICON_NAME = AppIcon;
				ASSETCATALOG_COMPILER_GLOBAL_ACCENT_COLOR_NAME = AccentColor;
				CODE_SIGN_STYLE = Automatic;
				CURRENT_PROJECT_VERSION = 1;
				DEVELOPMENT_ASSET_PATHS = "\"TARpit/Preview Content\"";
				DEVELOPMENT_TEAM = R3X7JY5628;
				ENABLE_PREVIEWS = YES;
				GENERATE_INFOPLIST_FILE = YES;
				INFOPLIST_KEY_UIApplicationSceneManifest_Generation = YES;
				INFOPLIST_KEY_UIApplicationSupportsIndirectInputEvents = YES;
				INFOPLIST_KEY_UILaunchScreen_Generation = YES;
				INFOPLIST_KEY_UISupportedInterfaceOrientations_iPad = "UIInterfaceOrientationPortrait UIInterfaceOrientationPortraitUpsideDown UIInterfaceOrientationLandscapeLeft UIInterfaceOrientationLandscapeRight";
				INFOPLIST_KEY_UISupportedInterfaceOrientations_iPhone = "UIInterfaceOrientationPortrait UIInterfaceOrientationLandscapeLeft UIInterfaceOrientationLandscapeRight";
				LD_RUNPATH_SEARCH_PATHS = (
					"$(inherited)",
					"@executable_path/Frameworks",
				);
				MARKETING_VERSION = 1.0;
				PRODUCT_BUNDLE_IDENTIFIER = "Spencer-Sliffe.TARpit";
				PRODUCT_NAME = "$(TARGET_NAME)";
				SWIFT_EMIT_LOC_STRINGS = YES;
				SWIFT_VERSION = 5.0;
				TARGETED_DEVICE_FAMILY = "1,2";
			};
			name = Release;
		};
/* End XCBuildConfiguration section */

/* Begin XCConfigurationList section */
		456C838F29EA34D100AF52D9 /* Build configuration list for PBXProject "TARpit" */ = {
			isa = XCConfigurationList;
			buildConfigurations = (
				456C83A029EA34D300AF52D9 /* Debug */,
				456C83A129EA34D300AF52D9 /* Release */,
			);
			defaultConfigurationIsVisible = 0;
			defaultConfigurationName = Release;
		};
		456C83A229EA34D300AF52D9 /* Build configuration list for PBXNativeTarget "TARpit" */ = {
			isa = XCConfigurationList;
			buildConfigurations = (
				456C83A329EA34D300AF52D9 /* Debug */,
				456C83A429EA34D300AF52D9 /* Release */,
			);
			defaultConfigurationIsVisible = 0;
			defaultConfigurationName = Release;
		};
/* End XCConfigurationList section */

/* Begin XCRemoteSwiftPackageReference section */
		456C83A729EA3C5900AF52D9 /* XCRemoteSwiftPackageReference "firebase-ios-sdk" */ = {
			isa = XCRemoteSwiftPackageReference;
			repositoryURL = "https://github.com/firebase/firebase-ios-sdk.git";
			requirement = {
				kind = upToNextMajorVersion;
				minimumVersion = 10.0.0;
			};
		};
/* End XCRemoteSwiftPackageReference section */

/* Begin XCSwiftPackageProductDependency section */
		456C83A829EA3C5900AF52D9 /* FirebaseAuth */ = {
			isa = XCSwiftPackageProductDependency;
			package = 456C83A729EA3C5900AF52D9 /* XCRemoteSwiftPackageReference "firebase-ios-sdk" */;
			productName = FirebaseAuth;
		};
		456C83AA29EA3C5900AF52D9 /* FirebaseAuthCombine-Community */ = {
			isa = XCSwiftPackageProductDependency;
			package = 456C83A729EA3C5900AF52D9 /* XCRemoteSwiftPackageReference "firebase-ios-sdk" */;
			productName = "FirebaseAuthCombine-Community";
		};
		456C83AC29EA3C5900AF52D9 /* FirebaseFirestore */ = {
			isa = XCSwiftPackageProductDependency;
			package = 456C83A729EA3C5900AF52D9 /* XCRemoteSwiftPackageReference "firebase-ios-sdk" */;
			productName = FirebaseFirestore;
		};
		456C83AE29EA3C5900AF52D9 /* FirebaseStorage */ = {
			isa = XCSwiftPackageProductDependency;
			package = 456C83A729EA3C5900AF52D9 /* XCRemoteSwiftPackageReference "firebase-ios-sdk" */;
			productName = FirebaseStorage;
		};
/* End XCSwiftPackageProductDependency section */
	};
	rootObject = 456C838C29EA34D100AF52D9 /* Project object */;
}
